
Microsoft Visual Studio Solution File, Format Version 12.00
# Visual Studio 15
VisualStudioVersion = 15.0.28010.2046
MinimumVisualStudioVersion = 10.0.40219.1
Project("{9A19103F-16F7-4668-BE54-9A1E7A4F7556}") = "AzureSearch", "KyruusExtract\AzureSearch.csproj", "{9230448D-8078-43CF-9B3F-BB4D2FD6CE82}"
EndProject
Project("{FAE04EC0-301F-11D3-BF4B-00C04F79EFBC}") = "UploadIndex", "UploadIndex\UploadIndex.csproj", "{E1A6662D-C8F4-424F-854A-DE4CF16BE196}"
EndProject
Project("{FAE04EC0-301F-11D3-BF4B-00C04F79EFBC}") = "Common", "Common\Common.csproj", "{736BD6F7-2648-4265-AE2C-E6A867BA49F0}"
EndProject
Project("{FAE04EC0-301F-11D3-BF4B-00C04F79EFBC}") = "Extract", "Extract\Extract.csproj", "{F4590C5B-FCFF-4350-A803-1A522903A615}"
EndProject
Global
	GlobalSection(SolutionConfigurationPlatforms) = preSolution
		Debug|Any CPU = Debug|Any CPU
		Release|Any CPU = Release|Any CPU
	EndGlobalSection
	GlobalSection(ProjectConfigurationPlatforms) = postSolution
		{9230448D-8078-43CF-9B3F-BB4D2FD6CE82}.Debug|Any CPU.ActiveCfg = Debug|Any CPU
		{9230448D-8078-43CF-9B3F-BB4D2FD6CE82}.Debug|Any CPU.Build.0 = Debug|Any CPU
		{9230448D-8078-43CF-9B3F-BB4D2FD6CE82}.Release|Any CPU.ActiveCfg = Release|Any CPU
		{9230448D-8078-43CF-9B3F-BB4D2FD6CE82}.Release|Any CPU.Build.0 = Release|Any CPU
		{E1A6662D-C8F4-424F-854A-DE4CF16BE196}.Debug|Any CPU.ActiveCfg = Debug|Any CPU
		{E1A6662D-C8F4-424F-854A-DE4CF16BE196}.Debug|Any CPU.Build.0 = Debug|Any CPU
		{E1A6662D-C8F4-424F-854A-DE4CF16BE196}.Release|Any CPU.ActiveCfg = Release|Any CPU
		{E1A6662D-C8F4-424F-854A-DE4CF16BE196}.Release|Any CPU.Build.0 = Release|Any CPU
		{736BD6F7-2648-4265-AE2C-E6A867BA49F0}.Debug|Any CPU.ActiveCfg = Debug|Any CPU
		{736BD6F7-2648-4265-AE2C-E6A867BA49F0}.Debug|Any CPU.Build.0 = Debug|Any CPU
		{736BD6F7-2648-4265-AE2C-E6A867BA49F0}.Release|Any CPU.ActiveCfg = Release|Any CPU
		{736BD6F7-2648-4265-AE2C-E6A867BA49F0}.Release|Any CPU.Build.0 = Release|Any CPU
		{F4590C5B-FCFF-4350-A803-1A522903A615}.Debug|Any CPU.ActiveCfg = Debug|Any CPU
		{F4590C5B-FCFF-4350-A803-1A522903A615}.Debug|Any CPU.Build.0 = Debug|Any CPU
		{F4590C5B-FCFF-4350-A803-1A522903A615}.Release|Any CPU.ActiveCfg = Release|Any CPU
		{F4590C5B-FCFF-4350-A803-1A522903A615}.Release|Any CPU.Build.0 = Release|Any CPU
	EndGlobalSection
	GlobalSection(SolutionProperties) = preSolution
		HideSolutionNode = FALSE
	EndGlobalSection
	GlobalSection(ExtensibilityGlobals) = postSolution
		SolutionGuid = {BAECAE35-AC8D-497A-8FC6-3A01FDAED38C}
	EndGlobalSection
EndGlobal
