
Microsoft Visual Studio Solution File, Format Version 12.00
# Visual Studio 15
VisualStudioVersion = 15.0.28307.572
MinimumVisualStudioVersion = 10.0.40219.1
Project("{FAE04EC0-301F-11D3-BF4B-00C04F79EFBC}") = "WebApp1", "WebApp1\WebApp1.csproj", "{867753A8-17FF-4B5E-A1FF-F3FC8C495203}"
EndProject
Global
	GlobalSection(SolutionConfigurationPlatforms) = preSolution
		Debug|Any CPU = Debug|Any CPU
		Release|Any CPU = Release|Any CPU
	EndGlobalSection
	GlobalSection(ProjectConfigurationPlatforms) = postSolution
		{867753A8-17FF-4B5E-A1FF-F3FC8C495203}.Debug|Any CPU.ActiveCfg = Debug|Any CPU
		{867753A8-17FF-4B5E-A1FF-F3FC8C495203}.Debug|Any CPU.Build.0 = Debug|Any CPU
		{867753A8-17FF-4B5E-A1FF-F3FC8C495203}.Release|Any CPU.ActiveCfg = Release|Any CPU
		{867753A8-17FF-4B5E-A1FF-F3FC8C495203}.Release|Any CPU.Build.0 = Release|Any CPU
	EndGlobalSection
	GlobalSection(SolutionProperties) = preSolution
		HideSolutionNode = FALSE
	EndGlobalSection
	GlobalSection(ExtensibilityGlobals) = postSolution
		SolutionGuid = {E0BBE958-C5B8-4848-8BF0-14E820A5233F}
	EndGlobalSection
EndGlobal
